
Microsoft Visual Studio Solution File, Format Version 12.00
# Visual Studio 15
VisualStudioVersion = 15.0.28307.168
MinimumVisualStudioVersion = 10.0.40219.1
Project("{FAE04EC0-301F-11D3-BF4B-00C04F79EFBC}") = "WordpressDrive", "WordpressDrive\WordpressDrive.csproj", "{1DE7EF6A-FEBA-4F8A-9440-6CAEF52392DC}"
EndProject
Project("{930C7802-8A8C-48F9-8165-68863BCCD9DD}") = "WordpressDriveBoot", "WordpressDriveBoot\WordpressDriveBoot.wixproj", "{170BE763-5A6F-4208-AD01-59105A652199}"
EndProject
Project("{930C7802-8A8C-48F9-8165-68863BCCD9DD}") = "WordpressDriveSetup", "WordpressDriveSetup\WordpressDriveSetup.wixproj", "{EA4BBF7A-1582-407F-AF86-EA0696305D33}"
EndProject
Global
	GlobalSection(SolutionConfigurationPlatforms) = preSolution
		Debug|Any CPU = Debug|Any CPU
		Debug|x64 = Debug|x64
		Debug|x86 = Debug|x86
		Release|Any CPU = Release|Any CPU
		Release|x64 = Release|x64
		Release|x86 = Release|x86
	EndGlobalSection
	GlobalSection(ProjectConfigurationPlatforms) = postSolution
		{1DE7EF6A-FEBA-4F8A-9440-6CAEF52392DC}.Debug|Any CPU.ActiveCfg = Debug|x64
		{1DE7EF6A-FEBA-4F8A-9440-6CAEF52392DC}.Debug|Any CPU.Build.0 = Debug|x64
		{1DE7EF6A-FEBA-4F8A-9440-6CAEF52392DC}.Debug|x64.ActiveCfg = Debug|x64
		{1DE7EF6A-FEBA-4F8A-9440-6CAEF52392DC}.Debug|x64.Build.0 = Debug|x64
		{1DE7EF6A-FEBA-4F8A-9440-6CAEF52392DC}.Debug|x86.ActiveCfg = Debug|x86
		{1DE7EF6A-FEBA-4F8A-9440-6CAEF52392DC}.Debug|x86.Build.0 = Debug|x86
		{1DE7EF6A-FEBA-4F8A-9440-6CAEF52392DC}.Release|Any CPU.ActiveCfg = Release|Any CPU
		{1DE7EF6A-FEBA-4F8A-9440-6CAEF52392DC}.Release|Any CPU.Build.0 = Release|Any CPU
		{1DE7EF6A-FEBA-4F8A-9440-6CAEF52392DC}.Release|x64.ActiveCfg = Release|Any CPU
		{1DE7EF6A-FEBA-4F8A-9440-6CAEF52392DC}.Release|x64.Build.0 = Release|Any CPU
		{1DE7EF6A-FEBA-4F8A-9440-6CAEF52392DC}.Release|x86.ActiveCfg = Release|Any CPU
		{1DE7EF6A-FEBA-4F8A-9440-6CAEF52392DC}.Release|x86.Build.0 = Release|Any CPU
		{170BE763-5A6F-4208-AD01-59105A652199}.Debug|Any CPU.ActiveCfg = Debug|x64
		{170BE763-5A6F-4208-AD01-59105A652199}.Debug|Any CPU.Build.0 = Debug|x64
		{170BE763-5A6F-4208-AD01-59105A652199}.Debug|x64.ActiveCfg = Debug|x64
		{170BE763-5A6F-4208-AD01-59105A652199}.Debug|x64.Build.0 = Debug|x64
		{170BE763-5A6F-4208-AD01-59105A652199}.Debug|x86.ActiveCfg = Debug|x86
		{170BE763-5A6F-4208-AD01-59105A652199}.Debug|x86.Build.0 = Debug|x86
		{170BE763-5A6F-4208-AD01-59105A652199}.Release|Any CPU.ActiveCfg = Release|x86
		{170BE763-5A6F-4208-AD01-59105A652199}.Release|x64.ActiveCfg = Release|x86
		{170BE763-5A6F-4208-AD01-59105A652199}.Release|x86.ActiveCfg = Release|x86
		{170BE763-5A6F-4208-AD01-59105A652199}.Release|x86.Build.0 = Release|x86
		{EA4BBF7A-1582-407F-AF86-EA0696305D33}.Debug|Any CPU.ActiveCfg = Debug|x64
		{EA4BBF7A-1582-407F-AF86-EA0696305D33}.Debug|Any CPU.Build.0 = Debug|x64
		{EA4BBF7A-1582-407F-AF86-EA0696305D33}.Debug|x64.ActiveCfg = Debug|x64
		{EA4BBF7A-1582-407F-AF86-EA0696305D33}.Debug|x64.Build.0 = Debug|x64
		{EA4BBF7A-1582-407F-AF86-EA0696305D33}.Debug|x86.ActiveCfg = Debug|x86
		{EA4BBF7A-1582-407F-AF86-EA0696305D33}.Debug|x86.Build.0 = Debug|x86
		{EA4BBF7A-1582-407F-AF86-EA0696305D33}.Release|Any CPU.ActiveCfg = Release|x86
		{EA4BBF7A-1582-407F-AF86-EA0696305D33}.Release|x64.ActiveCfg = Release|x86
		{EA4BBF7A-1582-407F-AF86-EA0696305D33}.Release|x86.ActiveCfg = Release|x86
		{EA4BBF7A-1582-407F-AF86-EA0696305D33}.Release|x86.Build.0 = Release|x86
	EndGlobalSection
	GlobalSection(SolutionProperties) = preSolution
		HideSolutionNode = FALSE
	EndGlobalSection
	GlobalSection(ExtensibilityGlobals) = postSolution
		SolutionGuid = {C32201F2-B86F-4139-97CE-6E62C86A206A}
	EndGlobalSection
EndGlobal
